
Microsoft Visual Studio Solution File, Format Version 12.00
# Visual Studio Version 17
VisualStudioVersion = 17.6.33801.468
MinimumVisualStudioVersion = 10.0.40219.1
Project("{FAE04EC0-301F-11D3-BF4B-00C04F79EFBC}") = "Learn API", "Learn API\Learn API.csproj", "{D655EF5D-C4B1-4947-853C-3DB3D90A9AC9}"
EndProject
Global
	GlobalSection(SolutionConfigurationPlatforms) = preSolution
		Debug|Any CPU = Debug|Any CPU
		Release|Any CPU = Release|Any CPU
	EndGlobalSection
	GlobalSection(ProjectConfigurationPlatforms) = postSolution
		{D655EF5D-C4B1-4947-853C-3DB3D90A9AC9}.Debug|Any CPU.ActiveCfg = Debug|Any CPU
		{D655EF5D-C4B1-4947-853C-3DB3D90A9AC9}.Debug|Any CPU.Build.0 = Debug|Any CPU
		{D655EF5D-C4B1-4947-853C-3DB3D90A9AC9}.Release|Any CPU.ActiveCfg = Release|Any CPU
		{D655EF5D-C4B1-4947-853C-3DB3D90A9AC9}.Release|Any CPU.Build.0 = Release|Any CPU
	EndGlobalSection
	GlobalSection(SolutionProperties) = preSolution
		HideSolutionNode = FALSE
	EndGlobalSection
	GlobalSection(ExtensibilityGlobals) = postSolution
		SolutionGuid = {C503207B-4232-44F4-BE2E-7F49EBADA7DD}
	EndGlobalSection
EndGlobal
